
Microsoft Visual Studio Solution File, Format Version 12.00
# Visual Studio Version 17
VisualStudioVersion = 17.6.33815.320
MinimumVisualStudioVersion = 10.0.40219.1
Project("{8BC9CEB8-8B4A-11D0-8D11-00A0C91BC942}") = "Friend_class", "Friend_class\Friend_class.vcxproj", "{56D9CC35-7B3B-4CCD-A105-14853515EDA5}"
EndProject
Global
	GlobalSection(SolutionConfigurationPlatforms) = preSolution
		Debug|x64 = Debug|x64
		Debug|x86 = Debug|x86
		Release|x64 = Release|x64
		Release|x86 = Release|x86
	EndGlobalSection
	GlobalSection(ProjectConfigurationPlatforms) = postSolution
		{56D9CC35-7B3B-4CCD-A105-14853515EDA5}.Debug|x64.ActiveCfg = Debug|x64
		{56D9CC35-7B3B-4CCD-A105-14853515EDA5}.Debug|x64.Build.0 = Debug|x64
		{56D9CC35-7B3B-4CCD-A105-14853515EDA5}.Debug|x86.ActiveCfg = Debug|Win32
		{56D9CC35-7B3B-4CCD-A105-14853515EDA5}.Debug|x86.Build.0 = Debug|Win32
		{56D9CC35-7B3B-4CCD-A105-14853515EDA5}.Release|x64.ActiveCfg = Release|x64
		{56D9CC35-7B3B-4CCD-A105-14853515EDA5}.Release|x64.Build.0 = Release|x64
		{56D9CC35-7B3B-4CCD-A105-14853515EDA5}.Release|x86.ActiveCfg = Release|Win32
		{56D9CC35-7B3B-4CCD-A105-14853515EDA5}.Release|x86.Build.0 = Release|Win32
	EndGlobalSection
	GlobalSection(SolutionProperties) = preSolution
		HideSolutionNode = FALSE
	EndGlobalSection
	GlobalSection(ExtensibilityGlobals) = postSolution
		SolutionGuid = {2090011A-E587-47FD-8F12-315E4FBAC585}
	EndGlobalSection
EndGlobal
